dependencies:
  idf:
    source:
      type: idf
    version: 6.0.2
  lvgl/lvgl:
    component_hash: 184e532558c1c45fefed631f3e235423d22582aafb4630f3e8885c35281a49ae
    dependencies: []
    source:
      registry_url: https://components.espressif.com/
      type: service
    version: 9.5.0
direct_dependencies:
- idf
- lvgl/lvgl
manifest_hash: 94f443d43ed827734f8945fce679a505589bddee7a8ca344409d8d9350c6e68f
target: esp32s3
version: 3.0.0
